
Microsoft Visual Studio Solution File, Format Version 12.00
# Visual Studio Version 17
VisualStudioVersion = 17.9.34622.214
MinimumVisualStudioVersion = 10.0.40219.1
Project("{9A19103F-16F7-4668-BE54-9A1E7A4F7556}") = "ConsoleApp8", "ConsoleApp8\ConsoleApp8.csproj", "{1DC2E10F-5921-4AFC-95A8-6D611C8D6168}"
EndProject
Project("{FAE04EC0-301F-11D3-BF4B-00C04F79EFBC}") = "ConsoleApp1", "ConsoleApp1\ConsoleApp1.csproj", "{BC152FAF-CAEA-46A1-B01C-056B15484CD0}"
EndProject
Project("{FAE04EC0-301F-11D3-BF4B-00C04F79EFBC}") = "ConsoleApp2", "ConsoleApp2\ConsoleApp2.csproj", "{2BFB889C-EFAC-4D51-AE39-873ECC4D413D}"
EndProject
Project("{FAE04EC0-301F-11D3-BF4B-00C04F79EFBC}") = "ConsoleApp3", "ConsoleApp3\ConsoleApp3.csproj", "{A8DD23CC-E18B-4FC8-9C18-D646FA2FC15A}"
EndProject
Project("{FAE04EC0-301F-11D3-BF4B-00C04F79EFBC}") = "ConsoleApp4", "ConsoleApp4\ConsoleApp4.csproj", "{267C7756-9FB8-498A-8BF4-D6FA041FC105}"
EndProject
Project("{FAE04EC0-301F-11D3-BF4B-00C04F79EFBC}") = "ConsoleApp5", "ConsoleApp5\ConsoleApp5.csproj", "{A91E1208-022C-4972-ADF3-EB36A42F53DA}"
EndProject
Project("{FAE04EC0-301F-11D3-BF4B-00C04F79EFBC}") = "ConsoleApp6", "ConsoleApp6\ConsoleApp6.csproj", "{73997F4A-BCD2-43A1-A883-4EDD41756842}"
EndProject
Project("{FAE04EC0-301F-11D3-BF4B-00C04F79EFBC}") = "ConsoleApp7", "ConsoleApp7\ConsoleApp7.csproj", "{737F7A91-E9BD-4DD0-A866-15572F69BC82}"
EndProject
Project("{FAE04EC0-301F-11D3-BF4B-00C04F79EFBC}") = "ConsoleApp9", "ConsoleApp9\ConsoleApp9.csproj", "{787D329C-0D48-4854-8167-AD9CF8186C02}"
EndProject
Project("{FAE04EC0-301F-11D3-BF4B-00C04F79EFBC}") = "ConsoleApp10", "ConsoleApp10\ConsoleApp10.csproj", "{6F8B906A-F728-4928-9882-0E66AA58D53E}"
EndProject
Project("{FAE04EC0-301F-11D3-BF4B-00C04F79EFBC}") = "ConsoleApp11", "ConsoleApp11\ConsoleApp11.csproj", "{643AF551-83C5-4F62-8412-51CE631E0483}"
EndProject
Project("{FAE04EC0-301F-11D3-BF4B-00C04F79EFBC}") = "ConsoleApp12", "ConsoleApp12\ConsoleApp12.csproj", "{B99D1EE2-D255-4F74-B9D8-BC0AA7613828}"
EndProject
Project("{FAE04EC0-301F-11D3-BF4B-00C04F79EFBC}") = "ConsoleApp13", "ConsoleApp13\ConsoleApp13.csproj", "{5BD67FD8-F207-4889-86FA-D28824449766}"
EndProject
Project("{FAE04EC0-301F-11D3-BF4B-00C04F79EFBC}") = "ConsoleApp14", "ConsoleApp14\ConsoleApp14.csproj", "{91AA14F7-95D6-4AAF-97C4-8EC590A7CC8E}"
EndProject
Project("{FAE04EC0-301F-11D3-BF4B-00C04F79EFBC}") = "ConsoleApp15", "ConsoleApp15\ConsoleApp15.csproj", "{763EB720-E1AC-4CFA-862A-D635A7F819A3}"
EndProject
Project("{FAE04EC0-301F-11D3-BF4B-00C04F79EFBC}") = "ConsoleApp16", "ConsoleApp16\ConsoleApp16.csproj", "{12CC94BF-A983-4272-9B3D-283530FE2109}"
EndProject
Project("{FAE04EC0-301F-11D3-BF4B-00C04F79EFBC}") = "ConsoleApp17", "ConsoleApp17\ConsoleApp17.csproj", "{89CAA63F-9174-4363-BB9A-3EF5D7F02C1A}"
EndProject
Project("{FAE04EC0-301F-11D3-BF4B-00C04F79EFBC}") = "ConsoleApp18", "ConsoleApp18\ConsoleApp18.csproj", "{AFFA8656-2619-4356-BF7A-4B498D3D250E}"
EndProject
Project("{FAE04EC0-301F-11D3-BF4B-00C04F79EFBC}") = "ConsoleApp19", "ConsoleApp19\ConsoleApp19.csproj", "{6A4DE3B2-7347-4200-B634-0D1373F8B142}"
EndProject
Project("{FAE04EC0-301F-11D3-BF4B-00C04F79EFBC}") = "ConsoleApp20", "ConsoleApp20\ConsoleApp20.csproj", "{E306E991-04D7-45D3-A0E6-76D9B29D4042}"
EndProject
Project("{FAE04EC0-301F-11D3-BF4B-00C04F79EFBC}") = "ConsoleApp21", "ConsoleApp21\ConsoleApp21.csproj", "{25312099-494B-4648-8AEC-8F30430BAD76}"
EndProject
Project("{FAE04EC0-301F-11D3-BF4B-00C04F79EFBC}") = "ConsoleApp22", "ConsoleApp22\ConsoleApp22.csproj", "{C66B2581-7386-429F-A95C-51AB123C9C22}"
EndProject
Project("{FAE04EC0-301F-11D3-BF4B-00C04F79EFBC}") = "ConsoleApp23", "ConsoleApp23\ConsoleApp23.csproj", "{E7923F5C-C442-4399-8786-73C7ABD1F6B8}"
EndProject
Project("{FAE04EC0-301F-11D3-BF4B-00C04F79EFBC}") = "ConsoleApp24", "ConsoleApp24\ConsoleApp24.csproj", "{D0208783-9FD3-41B9-9FF7-13DAEF2DA950}"
EndProject
Project("{FAE04EC0-301F-11D3-BF4B-00C04F79EFBC}") = "ConsoleApp25", "ConsoleApp25\ConsoleApp25.csproj", "{35E05D44-E507-440D-8DFB-C384B142BC93}"
EndProject
Global
	GlobalSection(SolutionConfigurationPlatforms) = preSolution
		Debug|Any CPU = Debug|Any CPU
		Release|Any CPU = Release|Any CPU
	EndGlobalSection
	GlobalSection(ProjectConfigurationPlatforms) = postSolution
		{1DC2E10F-5921-4AFC-95A8-6D611C8D6168}.Debug|Any CPU.ActiveCfg = Debug|Any CPU
		{1DC2E10F-5921-4AFC-95A8-6D611C8D6168}.Debug|Any CPU.Build.0 = Debug|Any CPU
		{1DC2E10F-5921-4AFC-95A8-6D611C8D6168}.Release|Any CPU.ActiveCfg = Release|Any CPU
		{1DC2E10F-5921-4AFC-95A8-6D611C8D6168}.Release|Any CPU.Build.0 = Release|Any CPU
		{BC152FAF-CAEA-46A1-B01C-056B15484CD0}.Debug|Any CPU.ActiveCfg = Debug|Any CPU
		{BC152FAF-CAEA-46A1-B01C-056B15484CD0}.Debug|Any CPU.Build.0 = Debug|Any CPU
		{BC152FAF-CAEA-46A1-B01C-056B15484CD0}.Release|Any CPU.ActiveCfg = Release|Any CPU
		{BC152FAF-CAEA-46A1-B01C-056B15484CD0}.Release|Any CPU.Build.0 = Release|Any CPU
		{2BFB889C-EFAC-4D51-AE39-873ECC4D413D}.Debug|Any CPU.ActiveCfg = Debug|Any CPU
		{2BFB889C-EFAC-4D51-AE39-873ECC4D413D}.Debug|Any CPU.Build.0 = Debug|Any CPU
		{2BFB889C-EFAC-4D51-AE39-873ECC4D413D}.Release|Any CPU.ActiveCfg = Release|Any CPU
		{2BFB889C-EFAC-4D51-AE39-873ECC4D413D}.Release|Any CPU.Build.0 = Release|Any CPU
		{A8DD23CC-E18B-4FC8-9C18-D646FA2FC15A}.Debug|Any CPU.ActiveCfg = Debug|Any CPU
		{A8DD23CC-E18B-4FC8-9C18-D646FA2FC15A}.Debug|Any CPU.Build.0 = Debug|Any CPU
		{A8DD23CC-E18B-4FC8-9C18-D646FA2FC15A}.Release|Any CPU.ActiveCfg = Release|Any CPU
		{A8DD23CC-E18B-4FC8-9C18-D646FA2FC15A}.Release|Any CPU.Build.0 = Release|Any CPU
		{267C7756-9FB8-498A-8BF4-D6FA041FC105}.Debug|Any CPU.ActiveCfg = Debug|Any CPU
		{267C7756-9FB8-498A-8BF4-D6FA041FC105}.Debug|Any CPU.Build.0 = Debug|Any CPU
		{267C7756-9FB8-498A-8BF4-D6FA041FC105}.Release|Any CPU.ActiveCfg = Release|Any CPU
		{267C7756-9FB8-498A-8BF4-D6FA041FC105}.Release|Any CPU.Build.0 = Release|Any CPU
		{A91E1208-022C-4972-ADF3-EB36A42F53DA}.Debug|Any CPU.ActiveCfg = Debug|Any CPU
		{A91E1208-022C-4972-ADF3-EB36A42F53DA}.Debug|Any CPU.Build.0 = Debug|Any CPU
		{A91E1208-022C-4972-ADF3-EB36A42F53DA}.Release|Any CPU.ActiveCfg = Release|Any CPU
		{A91E1208-022C-4972-ADF3-EB36A42F53DA}.Release|Any CPU.Build.0 = Release|Any CPU
		{73997F4A-BCD2-43A1-A883-4EDD41756842}.Debug|Any CPU.ActiveCfg = Debug|Any CPU
		{73997F4A-BCD2-43A1-A883-4EDD41756842}.Debug|Any CPU.Build.0 = Debug|Any CPU
		{73997F4A-BCD2-43A1-A883-4EDD41756842}.Release|Any CPU.ActiveCfg = Release|Any CPU
		{73997F4A-BCD2-43A1-A883-4EDD41756842}.Release|Any CPU.Build.0 = Release|Any CPU
		{737F7A91-E9BD-4DD0-A866-15572F69BC82}.Debug|Any CPU.ActiveCfg = Debug|Any CPU
		{737F7A91-E9BD-4DD0-A866-15572F69BC82}.Debug|Any CPU.Build.0 = Debug|Any CPU
		{737F7A91-E9BD-4DD0-A866-15572F69BC82}.Release|Any CPU.ActiveCfg = Release|Any CPU
		{737F7A91-E9BD-4DD0-A866-15572F69BC82}.Release|Any CPU.Build.0 = Release|Any CPU
		{787D329C-0D48-4854-8167-AD9CF8186C02}.Debug|Any CPU.ActiveCfg = Debug|Any CPU
		{787D329C-0D48-4854-8167-AD9CF8186C02}.Debug|Any CPU.Build.0 = Debug|Any CPU
		{787D329C-0D48-4854-8167-AD9CF8186C02}.Release|Any CPU.ActiveCfg = Release|Any CPU
		{787D329C-0D48-4854-8167-AD9CF8186C02}.Release|Any CPU.Build.0 = Release|Any CPU
		{6F8B906A-F728-4928-9882-0E66AA58D53E}.Debug|Any CPU.ActiveCfg = Debug|Any CPU
		{6F8B906A-F728-4928-9882-0E66AA58D53E}.Debug|Any CPU.Build.0 = Debug|Any CPU
		{6F8B906A-F728-4928-9882-0E66AA58D53E}.Release|Any CPU.ActiveCfg = Release|Any CPU
		{6F8B906A-F728-4928-9882-0E66AA58D53E}.Release|Any CPU.Build.0 = Release|Any CPU
		{643AF551-83C5-4F62-8412-51CE631E0483}.Debug|Any CPU.ActiveCfg = Debug|Any CPU
		{643AF551-83C5-4F62-8412-51CE631E0483}.Debug|Any CPU.Build.0 = Debug|Any CPU
		{643AF551-83C5-4F62-8412-51CE631E0483}.Release|Any CPU.ActiveCfg = Release|Any CPU
		{643AF551-83C5-4F62-8412-51CE631E0483}.Release|Any CPU.Build.0 = Release|Any CPU
		{B99D1EE2-D255-4F74-B9D8-BC0AA7613828}.Debug|Any CPU.ActiveCfg = Debug|Any CPU
		{B99D1EE2-D255-4F74-B9D8-BC0AA7613828}.Debug|Any CPU.Build.0 = Debug|Any CPU
		{B99D1EE2-D255-4F74-B9D8-BC0AA7613828}.Release|Any CPU.ActiveCfg = Release|Any CPU
		{B99D1EE2-D255-4F74-B9D8-BC0AA7613828}.Release|Any CPU.Build.0 = Release|Any CPU
		{5BD67FD8-F207-4889-86FA-D28824449766}.Debug|Any CPU.ActiveCfg = Debug|Any CPU
		{5BD67FD8-F207-4889-86FA-D28824449766}.Debug|Any CPU.Build.0 = Debug|Any CPU
		{5BD67FD8-F207-4889-86FA-D28824449766}.Release|Any CPU.ActiveCfg = Release|Any CPU
		{5BD67FD8-F207-4889-86FA-D28824449766}.Release|Any CPU.Build.0 = Release|Any CPU
		{91AA14F7-95D6-4AAF-97C4-8EC590A7CC8E}.Debug|Any CPU.ActiveCfg = Debug|Any CPU
		{91AA14F7-95D6-4AAF-97C4-8EC590A7CC8E}.Debug|Any CPU.Build.0 = Debug|Any CPU
		{91AA14F7-95D6-4AAF-97C4-8EC590A7CC8E}.Release|Any CPU.ActiveCfg = Release|Any CPU
		{91AA14F7-95D6-4AAF-97C4-8EC590A7CC8E}.Release|Any CPU.Build.0 = Release|Any CPU
		{763EB720-E1AC-4CFA-862A-D635A7F819A3}.Debug|Any CPU.ActiveCfg = Debug|Any CPU
		{763EB720-E1AC-4CFA-862A-D635A7F819A3}.Debug|Any CPU.Build.0 = Debug|Any CPU
		{763EB720-E1AC-4CFA-862A-D635A7F819A3}.Release|Any CPU.ActiveCfg = Release|Any CPU
		{763EB720-E1AC-4CFA-862A-D635A7F819A3}.Release|Any CPU.Build.0 = Release|Any CPU
		{12CC94BF-A983-4272-9B3D-283530FE2109}.Debug|Any CPU.ActiveCfg = Debug|Any CPU
		{12CC94BF-A983-4272-9B3D-283530FE2109}.Debug|Any CPU.Build.0 = Debug|Any CPU
		{12CC94BF-A983-4272-9B3D-283530FE2109}.Release|Any CPU.ActiveCfg = Release|Any CPU
		{12CC94BF-A983-4272-9B3D-283530FE2109}.Release|Any CPU.Build.0 = Release|Any CPU
		{89CAA63F-9174-4363-BB9A-3EF5D7F02C1A}.Debug|Any CPU.ActiveCfg = Debug|Any CPU
		{89CAA63F-9174-4363-BB9A-3EF5D7F02C1A}.Debug|Any CPU.Build.0 = Debug|Any CPU
		{89CAA63F-9174-4363-BB9A-3EF5D7F02C1A}.Release|Any CPU.ActiveCfg = Release|Any CPU
		{89CAA63F-9174-4363-BB9A-3EF5D7F02C1A}.Release|Any CPU.Build.0 = Release|Any CPU
		{AFFA8656-2619-4356-BF7A-4B498D3D250E}.Debug|Any CPU.ActiveCfg = Debug|Any CPU
		{AFFA8656-2619-4356-BF7A-4B498D3D250E}.Debug|Any CPU.Build.0 = Debug|Any CPU
		{AFFA8656-2619-4356-BF7A-4B498D3D250E}.Release|Any CPU.ActiveCfg = Release|Any CPU
		{AFFA8656-2619-4356-BF7A-4B498D3D250E}.Release|Any CPU.Build.0 = Release|Any CPU
		{6A4DE3B2-7347-4200-B634-0D1373F8B142}.Debug|Any CPU.ActiveCfg = Debug|Any CPU
		{6A4DE3B2-7347-4200-B634-0D1373F8B142}.Debug|Any CPU.Build.0 = Debug|Any CPU
		{6A4DE3B2-7347-4200-B634-0D1373F8B142}.Release|Any CPU.ActiveCfg = Release|Any CPU
		{6A4DE3B2-7347-4200-B634-0D1373F8B142}.Release|Any CPU.Build.0 = Release|Any CPU
		{E306E991-04D7-45D3-A0E6-76D9B29D4042}.Debug|Any CPU.ActiveCfg = Debug|Any CPU
		{E306E991-04D7-45D3-A0E6-76D9B29D4042}.Debug|Any CPU.Build.0 = Debug|Any CPU
		{E306E991-04D7-45D3-A0E6-76D9B29D4042}.Release|Any CPU.ActiveCfg = Release|Any CPU
		{E306E991-04D7-45D3-A0E6-76D9B29D4042}.Release|Any CPU.Build.0 = Release|Any CPU
		{25312099-494B-4648-8AEC-8F30430BAD76}.Debug|Any CPU.ActiveCfg = Debug|Any CPU
		{25312099-494B-4648-8AEC-8F30430BAD76}.Debug|Any CPU.Build.0 = Debug|Any CPU
		{25312099-494B-4648-8AEC-8F30430BAD76}.Release|Any CPU.ActiveCfg = Release|Any CPU
		{25312099-494B-4648-8AEC-8F30430BAD76}.Release|Any CPU.Build.0 = Release|Any CPU
		{C66B2581-7386-429F-A95C-51AB123C9C22}.Debug|Any CPU.ActiveCfg = Debug|Any CPU
		{C66B2581-7386-429F-A95C-51AB123C9C22}.Debug|Any CPU.Build.0 = Debug|Any CPU
		{C66B2581-7386-429F-A95C-51AB123C9C22}.Release|Any CPU.ActiveCfg = Release|Any CPU
		{C66B2581-7386-429F-A95C-51AB123C9C22}.Release|Any CPU.Build.0 = Release|Any CPU
		{E7923F5C-C442-4399-8786-73C7ABD1F6B8}.Debug|Any CPU.ActiveCfg = Debug|Any CPU
		{E7923F5C-C442-4399-8786-73C7ABD1F6B8}.Debug|Any CPU.Build.0 = Debug|Any CPU
		{E7923F5C-C442-4399-8786-73C7ABD1F6B8}.Release|Any CPU.ActiveCfg = Release|Any CPU
		{E7923F5C-C442-4399-8786-73C7ABD1F6B8}.Release|Any CPU.Build.0 = Release|Any CPU
		{D0208783-9FD3-41B9-9FF7-13DAEF2DA950}.Debug|Any CPU.ActiveCfg = Debug|Any CPU
		{D0208783-9FD3-41B9-9FF7-13DAEF2DA950}.Debug|Any CPU.Build.0 = Debug|Any CPU
		{D0208783-9FD3-41B9-9FF7-13DAEF2DA950}.Release|Any CPU.ActiveCfg = Release|Any CPU
		{D0208783-9FD3-41B9-9FF7-13DAEF2DA950}.Release|Any CPU.Build.0 = Release|Any CPU
		{35E05D44-E507-440D-8DFB-C384B142BC93}.Debug|Any CPU.ActiveCfg = Debug|Any CPU
		{35E05D44-E507-440D-8DFB-C384B142BC93}.Debug|Any CPU.Build.0 = Debug|Any CPU
		{35E05D44-E507-440D-8DFB-C384B142BC93}.Release|Any CPU.ActiveCfg = Release|Any CPU
		{35E05D44-E507-440D-8DFB-C384B142BC93}.Release|Any CPU.Build.0 = Release|Any CPU
	EndGlobalSection
	GlobalSection(SolutionProperties) = preSolution
		HideSolutionNode = FALSE
	EndGlobalSection
	GlobalSection(ExtensibilityGlobals) = postSolution
		SolutionGuid = {04C53700-9459-4C75-878D-42142C0273B1}
	EndGlobalSection
EndGlobal
